
Microsoft Visual Studio Solution File, Format Version 12.00
# Visual Studio 14
VisualStudioVersion = 14.0.23107.0
MinimumVisualStudioVersion = 10.0.40219.1
Project("{FAE04EC0-301F-11D3-BF4B-00C04F79EFBC}") = "ReflectionEmit", "ReflectionEmit\ReflectionEmit.csproj", "{779E194F-EB65-4477-AC52-2F9AEF1AC516}"
EndProject
Project("{FAE04EC0-301F-11D3-BF4B-00C04F79EFBC}") = "BmpLibrary", "BmpLibrary\BmpLibrary.csproj", "{B6643F17-ACDE-4B17-8284-421F5B062CE3}"
EndProject
Global
	GlobalSection(SolutionConfigurationPlatforms) = preSolution
		Debug|Any CPU = Debug|Any CPU
		Release|Any CPU = Release|Any CPU
	EndGlobalSection
	GlobalSection(ProjectConfigurationPlatforms) = postSolution
		{779E194F-EB65-4477-AC52-2F9AEF1AC516}.Debug|Any CPU.ActiveCfg = Debug|Any CPU
		{779E194F-EB65-4477-AC52-2F9AEF1AC516}.Debug|Any CPU.Build.0 = Debug|Any CPU
		{779E194F-EB65-4477-AC52-2F9AEF1AC516}.Release|Any CPU.ActiveCfg = Release|Any CPU
		{779E194F-EB65-4477-AC52-2F9AEF1AC516}.Release|Any CPU.Build.0 = Release|Any CPU
		{B6643F17-ACDE-4B17-8284-421F5B062CE3}.Debug|Any CPU.ActiveCfg = Debug|Any CPU
		{B6643F17-ACDE-4B17-8284-421F5B062CE3}.Debug|Any CPU.Build.0 = Debug|Any CPU
		{B6643F17-ACDE-4B17-8284-421F5B062CE3}.Release|Any CPU.ActiveCfg = Release|Any CPU
		{B6643F17-ACDE-4B17-8284-421F5B062CE3}.Release|Any CPU.Build.0 = Release|Any CPU
	EndGlobalSection
	GlobalSection(SolutionProperties) = preSolution
		HideSolutionNode = FALSE
	EndGlobalSection
EndGlobal
