
Microsoft Visual Studio Solution File, Format Version 12.00
# Visual Studio 14
VisualStudioVersion = 14.0.23107.0
MinimumVisualStudioVersion = 10.0.40219.1
Project("{FAE04EC0-301F-11D3-BF4B-00C04F79EFBC}") = "FiltersLibrary", "FiltersLibrary\FiltersLibrary.csproj", "{7C668FBC-8CC4-4C35-B541-300A8C008C31}"
EndProject
Project("{FAE04EC0-301F-11D3-BF4B-00C04F79EFBC}") = "FiltersApp", "FiltersApp\FiltersApp.csproj", "{5D65C8E9-AAFE-4998-8E23-9F9C9727A6E5}"
EndProject
Project("{FAE04EC0-301F-11D3-BF4B-00C04F79EFBC}") = "Server", "Server\Server.csproj", "{375C87DE-6A69-4EAF-9691-268219BF4759}"
EndProject
Global
	GlobalSection(SolutionConfigurationPlatforms) = preSolution
		Debug|Any CPU = Debug|Any CPU
		Debug|x86 = Debug|x86
		Release|Any CPU = Release|Any CPU
		Release|x86 = Release|x86
	EndGlobalSection
	GlobalSection(ProjectConfigurationPlatforms) = postSolution
		{7C668FBC-8CC4-4C35-B541-300A8C008C31}.Debug|Any CPU.ActiveCfg = Debug|Any CPU
		{7C668FBC-8CC4-4C35-B541-300A8C008C31}.Debug|Any CPU.Build.0 = Debug|Any CPU
		{7C668FBC-8CC4-4C35-B541-300A8C008C31}.Debug|x86.ActiveCfg = Debug|Any CPU
		{7C668FBC-8CC4-4C35-B541-300A8C008C31}.Debug|x86.Build.0 = Debug|Any CPU
		{7C668FBC-8CC4-4C35-B541-300A8C008C31}.Release|Any CPU.ActiveCfg = Release|Any CPU
		{7C668FBC-8CC4-4C35-B541-300A8C008C31}.Release|Any CPU.Build.0 = Release|Any CPU
		{7C668FBC-8CC4-4C35-B541-300A8C008C31}.Release|x86.ActiveCfg = Release|Any CPU
		{7C668FBC-8CC4-4C35-B541-300A8C008C31}.Release|x86.Build.0 = Release|Any CPU
		{5D65C8E9-AAFE-4998-8E23-9F9C9727A6E5}.Debug|Any CPU.ActiveCfg = Debug|Any CPU
		{5D65C8E9-AAFE-4998-8E23-9F9C9727A6E5}.Debug|Any CPU.Build.0 = Debug|Any CPU
		{5D65C8E9-AAFE-4998-8E23-9F9C9727A6E5}.Debug|x86.ActiveCfg = Debug|Any CPU
		{5D65C8E9-AAFE-4998-8E23-9F9C9727A6E5}.Debug|x86.Build.0 = Debug|Any CPU
		{5D65C8E9-AAFE-4998-8E23-9F9C9727A6E5}.Release|Any CPU.ActiveCfg = Release|Any CPU
		{5D65C8E9-AAFE-4998-8E23-9F9C9727A6E5}.Release|Any CPU.Build.0 = Release|Any CPU
		{5D65C8E9-AAFE-4998-8E23-9F9C9727A6E5}.Release|x86.ActiveCfg = Release|Any CPU
		{5D65C8E9-AAFE-4998-8E23-9F9C9727A6E5}.Release|x86.Build.0 = Release|Any CPU
		{375C87DE-6A69-4EAF-9691-268219BF4759}.Debug|Any CPU.ActiveCfg = Debug|Any CPU
		{375C87DE-6A69-4EAF-9691-268219BF4759}.Debug|Any CPU.Build.0 = Debug|Any CPU
		{375C87DE-6A69-4EAF-9691-268219BF4759}.Debug|x86.ActiveCfg = Debug|Any CPU
		{375C87DE-6A69-4EAF-9691-268219BF4759}.Debug|x86.Build.0 = Debug|Any CPU
		{375C87DE-6A69-4EAF-9691-268219BF4759}.Release|Any CPU.ActiveCfg = Release|Any CPU
		{375C87DE-6A69-4EAF-9691-268219BF4759}.Release|Any CPU.Build.0 = Release|Any CPU
		{375C87DE-6A69-4EAF-9691-268219BF4759}.Release|x86.ActiveCfg = Release|Any CPU
		{375C87DE-6A69-4EAF-9691-268219BF4759}.Release|x86.Build.0 = Release|Any CPU
	EndGlobalSection
	GlobalSection(SolutionProperties) = preSolution
		HideSolutionNode = FALSE
	EndGlobalSection
EndGlobal
