
Microsoft Visual Studio Solution File, Format Version 12.00
# Visual Studio 14
VisualStudioVersion = 14.0.24720.0
MinimumVisualStudioVersion = 10.0.40219.1
Project("{FAE04EC0-301F-11D3-BF4B-00C04F79EFBC}") = "Task2", "Task2\Task2.csproj", "{25CDBF77-AECB-457E-9B5F-9DD6F13A0A95}"
EndProject
Project("{FAE04EC0-301F-11D3-BF4B-00C04F79EFBC}") = "Fibers", "..\Common\Fibers\Fibers\Fibers.csproj", "{6D01C550-32DF-4D2B-A2C3-92E4D1607E34}"
EndProject
Global
	GlobalSection(SolutionConfigurationPlatforms) = preSolution
		Debug|Any CPU = Debug|Any CPU
		Release|Any CPU = Release|Any CPU
	EndGlobalSection
	GlobalSection(ProjectConfigurationPlatforms) = postSolution
		{25CDBF77-AECB-457E-9B5F-9DD6F13A0A95}.Debug|Any CPU.ActiveCfg = Debug|Any CPU
		{25CDBF77-AECB-457E-9B5F-9DD6F13A0A95}.Debug|Any CPU.Build.0 = Debug|Any CPU
		{25CDBF77-AECB-457E-9B5F-9DD6F13A0A95}.Release|Any CPU.ActiveCfg = Release|Any CPU
		{25CDBF77-AECB-457E-9B5F-9DD6F13A0A95}.Release|Any CPU.Build.0 = Release|Any CPU
		{6D01C550-32DF-4D2B-A2C3-92E4D1607E34}.Debug|Any CPU.ActiveCfg = Debug|Any CPU
		{6D01C550-32DF-4D2B-A2C3-92E4D1607E34}.Debug|Any CPU.Build.0 = Debug|Any CPU
		{6D01C550-32DF-4D2B-A2C3-92E4D1607E34}.Release|Any CPU.ActiveCfg = Release|Any CPU
		{6D01C550-32DF-4D2B-A2C3-92E4D1607E34}.Release|Any CPU.Build.0 = Release|Any CPU
	EndGlobalSection
	GlobalSection(SolutionProperties) = preSolution
		HideSolutionNode = FALSE
	EndGlobalSection
EndGlobal
