
Microsoft Visual Studio Solution File, Format Version 12.00
# Visual Studio 14
VisualStudioVersion = 14.0.25420.1
MinimumVisualStudioVersion = 10.0.40219.1
Project("{FAE04EC0-301F-11D3-BF4B-00C04F79EFBC}") = "Server", "Server\Server.csproj", "{98C42179-1D7D-4A7A-9CE4-AE19294B0C36}"
EndProject
Project("{FAE04EC0-301F-11D3-BF4B-00C04F79EFBC}") = "Lab8", "Lab8\Lab8.csproj", "{D4988980-8A9D-4BBB-9E4A-A290FFCC013C}"
EndProject
Project("{FAE04EC0-301F-11D3-BF4B-00C04F79EFBC}") = "Client", "Client\Client.csproj", "{4530ECF9-2D8C-4FE5-A9BA-0F3C709D174D}"
EndProject
Global
	GlobalSection(SolutionConfigurationPlatforms) = preSolution
		Debug|Any CPU = Debug|Any CPU
		Release|Any CPU = Release|Any CPU
	EndGlobalSection
	GlobalSection(ProjectConfigurationPlatforms) = postSolution
		{98C42179-1D7D-4A7A-9CE4-AE19294B0C36}.Debug|Any CPU.ActiveCfg = Debug|Any CPU
		{98C42179-1D7D-4A7A-9CE4-AE19294B0C36}.Debug|Any CPU.Build.0 = Debug|Any CPU
		{98C42179-1D7D-4A7A-9CE4-AE19294B0C36}.Release|Any CPU.ActiveCfg = Release|Any CPU
		{98C42179-1D7D-4A7A-9CE4-AE19294B0C36}.Release|Any CPU.Build.0 = Release|Any CPU
		{D4988980-8A9D-4BBB-9E4A-A290FFCC013C}.Debug|Any CPU.ActiveCfg = Debug|Any CPU
		{D4988980-8A9D-4BBB-9E4A-A290FFCC013C}.Debug|Any CPU.Build.0 = Debug|Any CPU
		{D4988980-8A9D-4BBB-9E4A-A290FFCC013C}.Release|Any CPU.ActiveCfg = Release|Any CPU
		{D4988980-8A9D-4BBB-9E4A-A290FFCC013C}.Release|Any CPU.Build.0 = Release|Any CPU
		{4530ECF9-2D8C-4FE5-A9BA-0F3C709D174D}.Debug|Any CPU.ActiveCfg = Debug|Any CPU
		{4530ECF9-2D8C-4FE5-A9BA-0F3C709D174D}.Debug|Any CPU.Build.0 = Debug|Any CPU
		{4530ECF9-2D8C-4FE5-A9BA-0F3C709D174D}.Release|Any CPU.ActiveCfg = Release|Any CPU
		{4530ECF9-2D8C-4FE5-A9BA-0F3C709D174D}.Release|Any CPU.Build.0 = Release|Any CPU
	EndGlobalSection
	GlobalSection(SolutionProperties) = preSolution
		HideSolutionNode = FALSE
	EndGlobalSection
EndGlobal
