
Microsoft Visual Studio Solution File, Format Version 12.00
# Visual Studio 2013
VisualStudioVersion = 12.0.21005.1
MinimumVisualStudioVersion = 10.0.40219.1
Project("{FAE04EC0-301F-11D3-BF4B-00C04F79EFBC}") = "Client", "Client\Client.csproj", "{F12E79D4-AF93-4093-BE26-3A13F3E991A3}"
EndProject
Project("{FAE04EC0-301F-11D3-BF4B-00C04F79EFBC}") = "Contracts", "..\Contracts\Contracts\Contracts.csproj", "{C84EA803-52CE-422C-82A2-8FFCD2A947D8}"
EndProject
Global
	GlobalSection(SolutionConfigurationPlatforms) = preSolution
		Debug|Any CPU = Debug|Any CPU
		Release|Any CPU = Release|Any CPU
	EndGlobalSection
	GlobalSection(ProjectConfigurationPlatforms) = postSolution
		{F12E79D4-AF93-4093-BE26-3A13F3E991A3}.Debug|Any CPU.ActiveCfg = Debug|Any CPU
		{F12E79D4-AF93-4093-BE26-3A13F3E991A3}.Debug|Any CPU.Build.0 = Debug|Any CPU
		{F12E79D4-AF93-4093-BE26-3A13F3E991A3}.Release|Any CPU.ActiveCfg = Release|Any CPU
		{F12E79D4-AF93-4093-BE26-3A13F3E991A3}.Release|Any CPU.Build.0 = Release|Any CPU
		{C84EA803-52CE-422C-82A2-8FFCD2A947D8}.Debug|Any CPU.ActiveCfg = Debug|Any CPU
		{C84EA803-52CE-422C-82A2-8FFCD2A947D8}.Debug|Any CPU.Build.0 = Debug|Any CPU
		{C84EA803-52CE-422C-82A2-8FFCD2A947D8}.Release|Any CPU.ActiveCfg = Release|Any CPU
		{C84EA803-52CE-422C-82A2-8FFCD2A947D8}.Release|Any CPU.Build.0 = Release|Any CPU
	EndGlobalSection
	GlobalSection(SolutionProperties) = preSolution
		HideSolutionNode = FALSE
	EndGlobalSection
EndGlobal
